
Microsoft Visual Studio Solution File, Format Version 12.00
# Visual Studio Version 17
VisualStudioVersion = 17.8.34511.84
MinimumVisualStudioVersion = 10.0.40219.1
Project("{2150E333-8FDC-42A3-9474-1A3956D46DE8}") = "Services", "Services", "{2710D08B-DFD8-4BCF-BD0E-1A2C335F46E8}"
EndProject
Project("{2150E333-8FDC-42A3-9474-1A3956D46DE8}") = "Catalog", "Catalog", "{298E85F4-CEED-4103-BDD5-F11F0F87D5D2}"
EndProject
Project("{9A19103F-16F7-4668-BE54-9A1E7A4F7556}") = "Catalog.API", "Services\Catalog\Catalog.API\Catalog.API.csproj", "{200277B4-D325-4FE0-88BC-040A3ACA1D86}"
EndProject
Project("{2150E333-8FDC-42A3-9474-1A3956D46DE8}") = "BuildingBlocks", "BuildingBlocks", "{40F68DCF-B5CB-4D84-873C-262272CF4699}"
EndProject
Project("{9A19103F-16F7-4668-BE54-9A1E7A4F7556}") = "BuildingBlocks", "BuildingBlocks\BuildingBlocks\BuildingBlocks.csproj", "{46680E0C-8B47-4A28-8241-44F55DAF7B9C}"
EndProject
Project("{E53339B2-1760-4266-BCC7-CA923CBCF16C}") = "docker-compose", "docker-compose.dcproj", "{CE5E1E65-A5BB-4DC0-B6AC-B7C7BB5A6650}"
EndProject
Project("{2150E333-8FDC-42A3-9474-1A3956D46DE8}") = "Basket", "Basket", "{CF6AD060-495F-4A8D-9173-8D16816C561B}"
EndProject
Project("{9A19103F-16F7-4668-BE54-9A1E7A4F7556}") = "Basket.API", "Services\Basket.API\Basket.API\Basket.API.csproj", "{CD7FCEC7-AC5C-4E14-B746-24DD5E705E2E}"
EndProject
Project("{2150E333-8FDC-42A3-9474-1A3956D46DE8}") = "Discount", "Discount", "{E75FCC45-357A-4938-8463-12D35F34A074}"
EndProject
Project("{9A19103F-16F7-4668-BE54-9A1E7A4F7556}") = "Discount.gRPC", "Services\Discount\Discount.gRPC\Discount.gRPC.csproj", "{5A3D12E4-9089-431A-9068-B1B55F701D1F}"
EndProject
Project("{2150E333-8FDC-42A3-9474-1A3956D46DE8}") = "Ordering", "Ordering", "{58D6A40F-D504-4203-B8AB-6F9FB460C0E9}"
EndProject
Project("{9A19103F-16F7-4668-BE54-9A1E7A4F7556}") = "Ordering.API", "Services\Ordering\Ordering.API\Ordering.API.csproj", "{486FA46A-8F45-44A3-B24D-89A261B3DAD9}"
EndProject
Project("{FAE04EC0-301F-11D3-BF4B-00C04F79EFBC}") = "Ordering.Domain", "Services\Ordering\Ordering.Domain\Ordering.Domain.csproj", "{226CEFBD-3BA9-4BAF-87E5-C1F5C163F06D}"
EndProject
Project("{FAE04EC0-301F-11D3-BF4B-00C04F79EFBC}") = "Ordering.Application", "Services\Ordering\Ordering.Application\Ordering.Application.csproj", "{90D11DB3-12B7-49F8-A5DF-B716A73FFEC3}"
EndProject
Project("{FAE04EC0-301F-11D3-BF4B-00C04F79EFBC}") = "Ordering.Infrastructure", "Services\Ordering\Ordering.Infrastructure\Ordering.Infrastructure.csproj", "{61BB4B3F-DDEA-48FD-AE1C-24FD94B79C22}"
EndProject
Global
	GlobalSection(SolutionConfigurationPlatforms) = preSolution
		Debug|Any CPU = Debug|Any CPU
		Release|Any CPU = Release|Any CPU
	EndGlobalSection
	GlobalSection(ProjectConfigurationPlatforms) = postSolution
		{200277B4-D325-4FE0-88BC-040A3ACA1D86}.Debug|Any CPU.ActiveCfg = Debug|Any CPU
		{200277B4-D325-4FE0-88BC-040A3ACA1D86}.Debug|Any CPU.Build.0 = Debug|Any CPU
		{200277B4-D325-4FE0-88BC-040A3ACA1D86}.Release|Any CPU.ActiveCfg = Release|Any CPU
		{200277B4-D325-4FE0-88BC-040A3ACA1D86}.Release|Any CPU.Build.0 = Release|Any CPU
		{46680E0C-8B47-4A28-8241-44F55DAF7B9C}.Debug|Any CPU.ActiveCfg = Debug|Any CPU
		{46680E0C-8B47-4A28-8241-44F55DAF7B9C}.Debug|Any CPU.Build.0 = Debug|Any CPU
		{46680E0C-8B47-4A28-8241-44F55DAF7B9C}.Release|Any CPU.ActiveCfg = Release|Any CPU
		{46680E0C-8B47-4A28-8241-44F55DAF7B9C}.Release|Any CPU.Build.0 = Release|Any CPU
		{CE5E1E65-A5BB-4DC0-B6AC-B7C7BB5A6650}.Debug|Any CPU.ActiveCfg = Debug|Any CPU
		{CE5E1E65-A5BB-4DC0-B6AC-B7C7BB5A6650}.Debug|Any CPU.Build.0 = Debug|Any CPU
		{CE5E1E65-A5BB-4DC0-B6AC-B7C7BB5A6650}.Release|Any CPU.ActiveCfg = Release|Any CPU
		{CE5E1E65-A5BB-4DC0-B6AC-B7C7BB5A6650}.Release|Any CPU.Build.0 = Release|Any CPU
		{CD7FCEC7-AC5C-4E14-B746-24DD5E705E2E}.Debug|Any CPU.ActiveCfg = Debug|Any CPU
		{CD7FCEC7-AC5C-4E14-B746-24DD5E705E2E}.Debug|Any CPU.Build.0 = Debug|Any CPU
		{CD7FCEC7-AC5C-4E14-B746-24DD5E705E2E}.Release|Any CPU.ActiveCfg = Release|Any CPU
		{CD7FCEC7-AC5C-4E14-B746-24DD5E705E2E}.Release|Any CPU.Build.0 = Release|Any CPU
		{5A3D12E4-9089-431A-9068-B1B55F701D1F}.Debug|Any CPU.ActiveCfg = Debug|Any CPU
		{5A3D12E4-9089-431A-9068-B1B55F701D1F}.Debug|Any CPU.Build.0 = Debug|Any CPU
		{5A3D12E4-9089-431A-9068-B1B55F701D1F}.Release|Any CPU.ActiveCfg = Release|Any CPU
		{5A3D12E4-9089-431A-9068-B1B55F701D1F}.Release|Any CPU.Build.0 = Release|Any CPU
		{486FA46A-8F45-44A3-B24D-89A261B3DAD9}.Debug|Any CPU.ActiveCfg = Debug|Any CPU
		{486FA46A-8F45-44A3-B24D-89A261B3DAD9}.Debug|Any CPU.Build.0 = Debug|Any CPU
		{486FA46A-8F45-44A3-B24D-89A261B3DAD9}.Release|Any CPU.ActiveCfg = Release|Any CPU
		{486FA46A-8F45-44A3-B24D-89A261B3DAD9}.Release|Any CPU.Build.0 = Release|Any CPU
		{226CEFBD-3BA9-4BAF-87E5-C1F5C163F06D}.Debug|Any CPU.ActiveCfg = Debug|Any CPU
		{226CEFBD-3BA9-4BAF-87E5-C1F5C163F06D}.Debug|Any CPU.Build.0 = Debug|Any CPU
		{226CEFBD-3BA9-4BAF-87E5-C1F5C163F06D}.Release|Any CPU.ActiveCfg = Release|Any CPU
		{226CEFBD-3BA9-4BAF-87E5-C1F5C163F06D}.Release|Any CPU.Build.0 = Release|Any CPU
		{90D11DB3-12B7-49F8-A5DF-B716A73FFEC3}.Debug|Any CPU.ActiveCfg = Debug|Any CPU
		{90D11DB3-12B7-49F8-A5DF-B716A73FFEC3}.Debug|Any CPU.Build.0 = Debug|Any CPU
		{90D11DB3-12B7-49F8-A5DF-B716A73FFEC3}.Release|Any CPU.ActiveCfg = Release|Any CPU
		{90D11DB3-12B7-49F8-A5DF-B716A73FFEC3}.Release|Any CPU.Build.0 = Release|Any CPU
		{61BB4B3F-DDEA-48FD-AE1C-24FD94B79C22}.Debug|Any CPU.ActiveCfg = Debug|Any CPU
		{61BB4B3F-DDEA-48FD-AE1C-24FD94B79C22}.Debug|Any CPU.Build.0 = Debug|Any CPU
		{61BB4B3F-DDEA-48FD-AE1C-24FD94B79C22}.Release|Any CPU.ActiveCfg = Release|Any CPU
		{61BB4B3F-DDEA-48FD-AE1C-24FD94B79C22}.Release|Any CPU.Build.0 = Release|Any CPU
	EndGlobalSection
	GlobalSection(SolutionProperties) = preSolution
		HideSolutionNode = FALSE
	EndGlobalSection
	GlobalSection(NestedProjects) = preSolution
		{298E85F4-CEED-4103-BDD5-F11F0F87D5D2} = {2710D08B-DFD8-4BCF-BD0E-1A2C335F46E8}
		{200277B4-D325-4FE0-88BC-040A3ACA1D86} = {298E85F4-CEED-4103-BDD5-F11F0F87D5D2}
		{46680E0C-8B47-4A28-8241-44F55DAF7B9C} = {40F68DCF-B5CB-4D84-873C-262272CF4699}
		{CF6AD060-495F-4A8D-9173-8D16816C561B} = {2710D08B-DFD8-4BCF-BD0E-1A2C335F46E8}
		{CD7FCEC7-AC5C-4E14-B746-24DD5E705E2E} = {CF6AD060-495F-4A8D-9173-8D16816C561B}
		{E75FCC45-357A-4938-8463-12D35F34A074} = {2710D08B-DFD8-4BCF-BD0E-1A2C335F46E8}
		{5A3D12E4-9089-431A-9068-B1B55F701D1F} = {E75FCC45-357A-4938-8463-12D35F34A074}
		{58D6A40F-D504-4203-B8AB-6F9FB460C0E9} = {2710D08B-DFD8-4BCF-BD0E-1A2C335F46E8}
		{486FA46A-8F45-44A3-B24D-89A261B3DAD9} = {58D6A40F-D504-4203-B8AB-6F9FB460C0E9}
		{226CEFBD-3BA9-4BAF-87E5-C1F5C163F06D} = {58D6A40F-D504-4203-B8AB-6F9FB460C0E9}
		{90D11DB3-12B7-49F8-A5DF-B716A73FFEC3} = {58D6A40F-D504-4203-B8AB-6F9FB460C0E9}
		{61BB4B3F-DDEA-48FD-AE1C-24FD94B79C22} = {58D6A40F-D504-4203-B8AB-6F9FB460C0E9}
	EndGlobalSection
	GlobalSection(ExtensibilityGlobals) = postSolution
		SolutionGuid = {B7641169-4867-471E-A066-1EACB0837F21}
	EndGlobalSection
EndGlobal
